{
  "nodes": {
    "darwin": {
      "inputs": {
        "nixpkgs": [
          "nixpkgs"
        ]
      },
      "locked": {
        "lastModified": 1732016537,
        "narHash": "sha256-XwXUK+meYnlhdQz2TVE4Wv+tsx1CkdGbDPt1tRzCNH4=",
        "owner": "lnl7",
        "repo": "nix-darwin",
        "rev": "61cee20168a3ebb71a9efd70a55adebaadfbe4d4",
        "type": "github"
      },
      "original": {
        "owner": "lnl7",
        "ref": "master",
        "repo": "nix-darwin",
        "type": "github"
      }
    },
    "flake-utils": {
      "inputs": {
        "systems": "systems"
      },
      "locked": {
        "lastModified": 1694529238,
        "narHash": "sha256-zsNZZGTGnMOf9YpHKJqMSsa0dXbfmxeoJ7xHlrt+xmY=",
        "owner": "numtide",
        "repo": "flake-utils",
        "rev": "ff7b65b44d01cf9ba6a71320833626af21126384",
        "type": "github"
      },
      "original": {
        "owner": "numtide",
        "repo": "flake-utils",
        "type": "github"
      }
    },
    "flake-utils_2": {
      "locked": {
        "lastModified": 1667395993,
        "narHash": "sha256-nuEHfE/LcWyuSWnS8t12N1wc105Qtau+/OdUAjtQ0rA=",
        "owner": "numtide",
        "repo": "flake-utils",
        "rev": "5aed5285a952e0b949eb3ba02c12fa4fcfef535f",
        "type": "github"
      },
      "original": {
        "owner": "numtide",
        "repo": "flake-utils",
        "type": "github"
      }
    },
    "gitignore": {
      "inputs": {
        "nixpkgs": [
          "templ",
          "nixpkgs"
        ]
      },
      "locked": {
        "lastModified": 1709087332,
        "narHash": "sha256-HG2cCnktfHsKV0s4XW83gU3F57gaTljL9KNSuG6bnQs=",
        "owner": "hercules-ci",
        "repo": "gitignore.nix",
        "rev": "637db329424fd7e46cf4185293b9cc8c88c95394",
        "type": "github"
      },
      "original": {
        "owner": "hercules-ci",
        "repo": "gitignore.nix",
        "type": "github"
      }
    },
    "gomod2nix": {
      "inputs": {
        "flake-utils": "flake-utils",
        "nixpkgs": [
          "templ",
          "nixpkgs"
        ]
      },
      "locked": {
        "lastModified": 1722589758,
        "narHash": "sha256-sbbA8b6Q2vB/t/r1znHawoXLysCyD4L/6n6/RykiSnA=",
        "owner": "nix-community",
        "repo": "gomod2nix",
        "rev": "4e08ca09253ef996bd4c03afa383b23e35fe28a1",
        "type": "github"
      },
      "original": {
        "owner": "nix-community",
        "repo": "gomod2nix",
        "type": "github"
      }
    },
    "home-manager": {
      "inputs": {
        "nixpkgs": [
          "nixpkgs"
        ]
      },
      "locked": {
        "lastModified": 1732025103,
        "narHash": "sha256-qjEI64RKvDxRyEarY0jTzrZMa8ebezh2DEZmJJrpVdo=",
        "owner": "nix-community",
        "repo": "home-manager",
        "rev": "a46e702093a5c46e192243edbd977d5749e7f294",
        "type": "github"
      },
      "original": {
        "owner": "nix-community",
        "repo": "home-manager",
        "type": "github"
      }
    },
    "nixos-hardware": {
      "locked": {
        "lastModified": 1731797098,
        "narHash": "sha256-UhWmEZhwJZmVZ1jfHZFzCg+ZLO9Tb/v3Y6LC0UNyeTo=",
        "owner": "nixos",
        "repo": "nixos-hardware",
        "rev": "672ac2ac86f7dff2f6f3406405bddecf960e0db6",
        "type": "github"
      },
      "original": {
        "owner": "nixos",
        "repo": "nixos-hardware",
        "type": "github"
      }
    },
    "nixpkgs": {
      "locked": {
        "lastModified": 1731676054,
        "narHash": "sha256-OZiZ3m8SCMfh3B6bfGC/Bm4x3qc1m2SVEAlkV6iY7Yg=",
        "owner": "nixos",
        "repo": "nixpkgs",
        "rev": "5e4fbfb6b3de1aa2872b76d49fafc942626e2add",
        "type": "github"
      },
      "original": {
        "owner": "nixos",
        "ref": "nixos-unstable",
        "repo": "nixpkgs",
        "type": "github"
      }
    },
    "nixpkgs-stable": {
      "locked": {
        "lastModified": 1731797254,
        "narHash": "sha256-df3dJApLPhd11AlueuoN0Q4fHo/hagP75LlM5K1sz9g=",
        "owner": "nixos",
        "repo": "nixpkgs",
        "rev": "e8c38b73aeb218e27163376a2d617e61a2ad9b59",
        "type": "github"
      },
      "original": {
        "owner": "nixos",
        "ref": "nixos-24.05",
        "repo": "nixpkgs",
        "type": "github"
      }
    },
    "nixpkgs_2": {
      "locked": {
        "lastModified": 1732053737,
        "narHash": "sha256-A+F7WSHR29wIynmzbXMwgUb9rkNAeYwlN15Xm3vZjKk=",
        "owner": "NixOS",
        "repo": "nixpkgs",
        "rev": "32754128c4ef529c567d216a783cb6fdd95ff196",
        "type": "github"
      },
      "original": {
        "owner": "NixOS",
        "ref": "release-24.05",
        "repo": "nixpkgs",
        "type": "github"
      }
    },
    "nixpkgs_3": {
      "locked": {
        "lastModified": 1731319897,
        "narHash": "sha256-PbABj4tnbWFMfBp6OcUK5iGy1QY+/Z96ZcLpooIbuEI=",
        "owner": "nixos",
        "repo": "nixpkgs",
        "rev": "dc460ec76cbff0e66e269457d7b728432263166c",
        "type": "github"
      },
      "original": {
        "owner": "nixos",
        "ref": "nixos-unstable",
        "repo": "nixpkgs",
        "type": "github"
      }
    },
    "root": {
      "inputs": {
        "darwin": "darwin",
        "home-manager": "home-manager",
        "nixos-hardware": "nixos-hardware",
        "nixpkgs": "nixpkgs",
        "nixpkgs-stable": "nixpkgs-stable",
        "templ": "templ",
        "zen-browser": "zen-browser"
      }
    },
    "systems": {
      "locked": {
        "lastModified": 1681028828,
        "narHash": "sha256-Vy1rq5AaRuLzOxct8nz4T6wlgyUR7zLU309k9mBC768=",
        "owner": "nix-systems",
        "repo": "default",
        "rev": "da67096a3b9bf56a91d16901293e51ba5b49a27e",
        "type": "github"
      },
      "original": {
        "owner": "nix-systems",
        "repo": "default",
        "type": "github"
      }
    },
    "templ": {
      "inputs": {
        "gitignore": "gitignore",
        "gomod2nix": "gomod2nix",
        "nixpkgs": "nixpkgs_2",
        "xc": "xc"
      },
      "locked": {
        "lastModified": 1732093930,
        "narHash": "sha256-zKs0X6ek6oSFGXCTuTRL+yRz3sU2ep4tYWEo4i75Ds0=",
        "owner": "a-h",
        "repo": "templ",
        "rev": "3a0359efdb57991641b7d751d7f769d8b2467fd2",
        "type": "github"
      },
      "original": {
        "owner": "a-h",
        "repo": "templ",
        "type": "github"
      }
    },
    "xc": {
      "inputs": {
        "flake-utils": "flake-utils_2",
        "nixpkgs": [
          "templ",
          "nixpkgs"
        ]
      },
      "locked": {
        "lastModified": 1724404748,
        "narHash": "sha256-p6rXzNiDm2uBvO1MLzC5pJp/0zRNzj/snBzZI0ce62s=",
        "owner": "joerdav",
        "repo": "xc",
        "rev": "960ff9f109d47a19122cfb015721a76e3a0f23a2",
        "type": "github"
      },
      "original": {
        "owner": "joerdav",
        "repo": "xc",
        "type": "github"
      }
    },
    "zen-browser": {
      "inputs": {
        "nixpkgs": "nixpkgs_3"
      },
      "locked": {
        "lastModified": 1731689537,
        "narHash": "sha256-0wN39XFD5bVcNANh9uLoQYyKbp9r6xX+oON1qI+L9iI=",
        "owner": "ch4og",
        "repo": "zen-browser-flake",
        "rev": "064be844324965da1d596a541fdd831efe4a3a32",
        "type": "github"
      },
      "original": {
        "owner": "ch4og",
        "repo": "zen-browser-flake",
        "type": "github"
      }
    }
  },
  "root": "root",
  "version": 7
}
